
Microsoft Visual Studio Solution File, Format Version 12.00
# Visual Studio 14
VisualStudioVersion = 14.0.25420.1
MinimumVisualStudioVersion = 10.0.40219.1
Project("{FAE04EC0-301F-11D3-BF4B-00C04F79EFBC}") = "SotnWiki.Models", "SotnWiki.Models\SotnWiki.Models.csproj", "{5CFEBC1D-5E6F-49A2-A146-A11A6F5B2845}"
EndProject
Project("{FAE04EC0-301F-11D3-BF4B-00C04F79EFBC}") = "SotnWiki.Data", "SotnWiki.Data\SotnWiki.Data.csproj", "{A37D2B8D-2892-4270-9E35-DF8B84D65C8E}"
EndProject
Project("{FAE04EC0-301F-11D3-BF4B-00C04F79EFBC}") = "SotnWiki.WebFormsClient", "SotnWiki.WebFormsClient\SotnWiki.WebFormsClient.csproj", "{1E70DC79-3B2F-461F-86DE-E7ED67107082}"
EndProject
Project("{FAE04EC0-301F-11D3-BF4B-00C04F79EFBC}") = "SotnWiki.WebFormsClient.Tests", "SotnWiki.WebFormsClient.Tests\SotnWiki.WebFormsClient.Tests.csproj", "{B78DE443-EC62-49C7-8DFF-F9F70B40A1AE}"
EndProject
Project("{FAE04EC0-301F-11D3-BF4B-00C04F79EFBC}") = "SotnWiki.Data.Common", "SotnWiki.Data.Common\SotnWiki.Data.Common.csproj", "{010D9912-3682-4400-8698-C8D23E8BA23C}"
EndProject
Project("{2150E333-8FDC-42A3-9474-1A3956D46DE8}") = "Tests", "Tests", "{AF205039-6124-4A31-9F46-4D1720504B4C}"
EndProject
Project("{FAE04EC0-301F-11D3-BF4B-00C04F79EFBC}") = "SotnWiki.Data.Common.Tests", "SotnWiki.Data.Common.Tests\SotnWiki.Data.Common.Tests.csproj", "{C0AD6E13-B037-40E5-951E-791092AF3846}"
EndProject
Global
	GlobalSection(SolutionConfigurationPlatforms) = preSolution
		Debug|Any CPU = Debug|Any CPU
		Release|Any CPU = Release|Any CPU
	EndGlobalSection
	GlobalSection(ProjectConfigurationPlatforms) = postSolution
		{5CFEBC1D-5E6F-49A2-A146-A11A6F5B2845}.Debug|Any CPU.ActiveCfg = Debug|Any CPU
		{5CFEBC1D-5E6F-49A2-A146-A11A6F5B2845}.Debug|Any CPU.Build.0 = Debug|Any CPU
		{5CFEBC1D-5E6F-49A2-A146-A11A6F5B2845}.Release|Any CPU.ActiveCfg = Release|Any CPU
		{5CFEBC1D-5E6F-49A2-A146-A11A6F5B2845}.Release|Any CPU.Build.0 = Release|Any CPU
		{A37D2B8D-2892-4270-9E35-DF8B84D65C8E}.Debug|Any CPU.ActiveCfg = Debug|Any CPU
		{A37D2B8D-2892-4270-9E35-DF8B84D65C8E}.Debug|Any CPU.Build.0 = Debug|Any CPU
		{A37D2B8D-2892-4270-9E35-DF8B84D65C8E}.Release|Any CPU.ActiveCfg = Release|Any CPU
		{A37D2B8D-2892-4270-9E35-DF8B84D65C8E}.Release|Any CPU.Build.0 = Release|Any CPU
		{1E70DC79-3B2F-461F-86DE-E7ED67107082}.Debug|Any CPU.ActiveCfg = Debug|Any CPU
		{1E70DC79-3B2F-461F-86DE-E7ED67107082}.Debug|Any CPU.Build.0 = Debug|Any CPU
		{1E70DC79-3B2F-461F-86DE-E7ED67107082}.Release|Any CPU.ActiveCfg = Release|Any CPU
		{1E70DC79-3B2F-461F-86DE-E7ED67107082}.Release|Any CPU.Build.0 = Release|Any CPU
		{B78DE443-EC62-49C7-8DFF-F9F70B40A1AE}.Debug|Any CPU.ActiveCfg = Debug|Any CPU
		{B78DE443-EC62-49C7-8DFF-F9F70B40A1AE}.Debug|Any CPU.Build.0 = Debug|Any CPU
		{B78DE443-EC62-49C7-8DFF-F9F70B40A1AE}.Release|Any CPU.ActiveCfg = Release|Any CPU
		{B78DE443-EC62-49C7-8DFF-F9F70B40A1AE}.Release|Any CPU.Build.0 = Release|Any CPU
		{010D9912-3682-4400-8698-C8D23E8BA23C}.Debug|Any CPU.ActiveCfg = Debug|Any CPU
		{010D9912-3682-4400-8698-C8D23E8BA23C}.Debug|Any CPU.Build.0 = Debug|Any CPU
		{010D9912-3682-4400-8698-C8D23E8BA23C}.Release|Any CPU.ActiveCfg = Release|Any CPU
		{010D9912-3682-4400-8698-C8D23E8BA23C}.Release|Any CPU.Build.0 = Release|Any CPU
		{C0AD6E13-B037-40E5-951E-791092AF3846}.Debug|Any CPU.ActiveCfg = Debug|Any CPU
		{C0AD6E13-B037-40E5-951E-791092AF3846}.Debug|Any CPU.Build.0 = Debug|Any CPU
		{C0AD6E13-B037-40E5-951E-791092AF3846}.Release|Any CPU.ActiveCfg = Release|Any CPU
		{C0AD6E13-B037-40E5-951E-791092AF3846}.Release|Any CPU.Build.0 = Release|Any CPU
	EndGlobalSection
	GlobalSection(SolutionProperties) = preSolution
		HideSolutionNode = FALSE
	EndGlobalSection
	GlobalSection(NestedProjects) = preSolution
		{B78DE443-EC62-49C7-8DFF-F9F70B40A1AE} = {AF205039-6124-4A31-9F46-4D1720504B4C}
		{C0AD6E13-B037-40E5-951E-791092AF3846} = {AF205039-6124-4A31-9F46-4D1720504B4C}
	EndGlobalSection
EndGlobal
