
Microsoft Visual Studio Solution File, Format Version 12.00
# Visual Studio 14
VisualStudioVersion = 14.0.25420.1
MinimumVisualStudioVersion = 10.0.40219.1
Project("{2150E333-8FDC-42A3-9474-1A3956D46DE8}") = "UnitTests", "UnitTests", "{21B58503-7995-41D3-9E2F-96A6853A0B7B}"
EndProject
Project("{FAE04EC0-301F-11D3-BF4B-00C04F79EFBC}") = "SotnWiki.WebFormsClient", "SotnWiki.WebFormsClient\SotnWiki.WebFormsClient.csproj", "{B92EEF26-8A72-4F9C-BDB8-19AC534A08C7}"
EndProject
Project("{FAE04EC0-301F-11D3-BF4B-00C04F79EFBC}") = "SotnWiki.Mvp", "SotnWiki.Mvp\SotnWiki.Mvp.csproj", "{86595F25-896A-48FE-879F-C70D7AB3BFBA}"
EndProject
Project("{2150E333-8FDC-42A3-9474-1A3956D46DE8}") = "Services", "Services", "{F1E70FC6-A2C4-4745-8605-7F3552759C41}"
EndProject
Project("{FAE04EC0-301F-11D3-BF4B-00C04F79EFBC}") = "SotnWiki.Auth", "Services\SotnWiki.Auth\SotnWiki.Auth.csproj", "{769FB0D9-55D6-412E-A072-D993C46AB014}"
EndProject
Project("{2150E333-8FDC-42A3-9474-1A3956D46DE8}") = "Data", "Data", "{DB551605-07A9-483A-BCC1-9253078E367A}"
EndProject
Project("{FAE04EC0-301F-11D3-BF4B-00C04F79EFBC}") = "SotnWiki.Data", "Data\SotnWiki.Data\SotnWiki.Data.csproj", "{A37D2B8D-2892-4270-9E35-DF8B84D65C8E}"
EndProject
Project("{FAE04EC0-301F-11D3-BF4B-00C04F79EFBC}") = "SotnWiki.Data.Common", "Data\SotnWiki.Data.Common\SotnWiki.Data.Common.csproj", "{010D9912-3682-4400-8698-C8D23E8BA23C}"
EndProject
Project("{FAE04EC0-301F-11D3-BF4B-00C04F79EFBC}") = "SotnWiki.Models", "Data\SotnWiki.Models\SotnWiki.Models.csproj", "{5CFEBC1D-5E6F-49A2-A146-A11A6F5B2845}"
EndProject
Project("{2150E333-8FDC-42A3-9474-1A3956D46DE8}") = "Data", "Data", "{0C653BE8-118C-44EC-B49D-3B10DE3F54E4}"
EndProject
Project("{2150E333-8FDC-42A3-9474-1A3956D46DE8}") = "Services", "Services", "{21DC42AD-40BD-4656-8B4B-E80515DBEA91}"
EndProject
Project("{FAE04EC0-301F-11D3-BF4B-00C04F79EFBC}") = "SotnWiki.DataServices", "Services\SotnWiki.DataServices\SotnWiki.DataServices.csproj", "{FD908444-1B93-4EEA-B95C-E67754A8B320}"
EndProject
Project("{FAE04EC0-301F-11D3-BF4B-00C04F79EFBC}") = "SotnWiki.TextManipulation", "Services\SotnWiki.TextManipulation\SotnWiki.TextManipulation.csproj", "{3527FCD9-806E-420C-9876-E97B077B3EA4}"
EndProject
Project("{2150E333-8FDC-42A3-9474-1A3956D46DE8}") = "CvSpeedruns", "CvSpeedruns", "{756D6784-6383-405C-B65D-C336A7ED5B32}"
EndProject
Project("{FAE04EC0-301F-11D3-BF4B-00C04F79EFBC}") = "CvSpeedruns.Models", "Data\CvSpeedruns\CvSpeedruns.Models\CvSpeedruns.Models.csproj", "{B0C89990-6A91-42DE-8CD4-ADDEB748922B}"
EndProject
Project("{FAE04EC0-301F-11D3-BF4B-00C04F79EFBC}") = "CvSpeedruns.Data", "Data\CvSpeedruns\CvSpeedruns.Data\CvSpeedruns.Data.csproj", "{860D3F01-68EF-4ED5-A337-AEFD182C59F9}"
EndProject
Project("{FAE04EC0-301F-11D3-BF4B-00C04F79EFBC}") = "SotnWiki.Data.Common.Tests", "UnitTests\Data\SotnWiki.Data.Common.Tests\SotnWiki.Data.Common.Tests.csproj", "{067456C0-086C-46A8-B37F-1405717B7BFC}"
EndProject
Project("{FAE04EC0-301F-11D3-BF4B-00C04F79EFBC}") = "SotnWiki.DataServices.Tests", "UnitTests\Services\SotnWiki.DataServices.Tests\SotnWiki.DataServices.Tests.csproj", "{FE75F602-CF88-480C-BAC8-7CD9D8473950}"
EndProject
Project("{FAE04EC0-301F-11D3-BF4B-00C04F79EFBC}") = "SotnWiki.TextManipulation.Tests", "UnitTests\Services\SotnWiki.TextManipulation.Tests\SotnWiki.TextManipulation.Tests.csproj", "{5C912855-E1A1-4419-8FA9-6FDEC5D67393}"
EndProject
Project("{2150E333-8FDC-42A3-9474-1A3956D46DE8}") = "Clients", "Clients", "{A1B580FF-E935-4EA6-95DF-10BC214B351F}"
EndProject
Project("{2150E333-8FDC-42A3-9474-1A3956D46DE8}") = "Clients", "Clients", "{727D55F1-F331-45F1-ABDC-EBA746248295}"
EndProject
Project("{FAE04EC0-301F-11D3-BF4B-00C04F79EFBC}") = "SotnWiki.Mvp.Tests", "UnitTests\Clients\SotnWiki.Mvp.Tests\SotnWiki.Mvp.Tests.csproj", "{F584017E-2215-44DC-829A-8D698C346E4A}"
EndProject
Global
	GlobalSection(SolutionConfigurationPlatforms) = preSolution
		Debug|Any CPU = Debug|Any CPU
		Release|Any CPU = Release|Any CPU
	EndGlobalSection
	GlobalSection(ProjectConfigurationPlatforms) = postSolution
		{B92EEF26-8A72-4F9C-BDB8-19AC534A08C7}.Debug|Any CPU.ActiveCfg = Debug|Any CPU
		{B92EEF26-8A72-4F9C-BDB8-19AC534A08C7}.Debug|Any CPU.Build.0 = Debug|Any CPU
		{B92EEF26-8A72-4F9C-BDB8-19AC534A08C7}.Release|Any CPU.ActiveCfg = Release|Any CPU
		{B92EEF26-8A72-4F9C-BDB8-19AC534A08C7}.Release|Any CPU.Build.0 = Release|Any CPU
		{86595F25-896A-48FE-879F-C70D7AB3BFBA}.Debug|Any CPU.ActiveCfg = Debug|Any CPU
		{86595F25-896A-48FE-879F-C70D7AB3BFBA}.Debug|Any CPU.Build.0 = Debug|Any CPU
		{86595F25-896A-48FE-879F-C70D7AB3BFBA}.Release|Any CPU.ActiveCfg = Release|Any CPU
		{86595F25-896A-48FE-879F-C70D7AB3BFBA}.Release|Any CPU.Build.0 = Release|Any CPU
		{769FB0D9-55D6-412E-A072-D993C46AB014}.Debug|Any CPU.ActiveCfg = Debug|Any CPU
		{769FB0D9-55D6-412E-A072-D993C46AB014}.Debug|Any CPU.Build.0 = Debug|Any CPU
		{769FB0D9-55D6-412E-A072-D993C46AB014}.Release|Any CPU.ActiveCfg = Release|Any CPU
		{769FB0D9-55D6-412E-A072-D993C46AB014}.Release|Any CPU.Build.0 = Release|Any CPU
		{A37D2B8D-2892-4270-9E35-DF8B84D65C8E}.Debug|Any CPU.ActiveCfg = Debug|Any CPU
		{A37D2B8D-2892-4270-9E35-DF8B84D65C8E}.Debug|Any CPU.Build.0 = Debug|Any CPU
		{A37D2B8D-2892-4270-9E35-DF8B84D65C8E}.Release|Any CPU.ActiveCfg = Release|Any CPU
		{A37D2B8D-2892-4270-9E35-DF8B84D65C8E}.Release|Any CPU.Build.0 = Release|Any CPU
		{010D9912-3682-4400-8698-C8D23E8BA23C}.Debug|Any CPU.ActiveCfg = Debug|Any CPU
		{010D9912-3682-4400-8698-C8D23E8BA23C}.Debug|Any CPU.Build.0 = Debug|Any CPU
		{010D9912-3682-4400-8698-C8D23E8BA23C}.Release|Any CPU.ActiveCfg = Release|Any CPU
		{010D9912-3682-4400-8698-C8D23E8BA23C}.Release|Any CPU.Build.0 = Release|Any CPU
		{5CFEBC1D-5E6F-49A2-A146-A11A6F5B2845}.Debug|Any CPU.ActiveCfg = Debug|Any CPU
		{5CFEBC1D-5E6F-49A2-A146-A11A6F5B2845}.Debug|Any CPU.Build.0 = Debug|Any CPU
		{5CFEBC1D-5E6F-49A2-A146-A11A6F5B2845}.Release|Any CPU.ActiveCfg = Release|Any CPU
		{5CFEBC1D-5E6F-49A2-A146-A11A6F5B2845}.Release|Any CPU.Build.0 = Release|Any CPU
		{FD908444-1B93-4EEA-B95C-E67754A8B320}.Debug|Any CPU.ActiveCfg = Debug|Any CPU
		{FD908444-1B93-4EEA-B95C-E67754A8B320}.Debug|Any CPU.Build.0 = Debug|Any CPU
		{FD908444-1B93-4EEA-B95C-E67754A8B320}.Release|Any CPU.ActiveCfg = Release|Any CPU
		{FD908444-1B93-4EEA-B95C-E67754A8B320}.Release|Any CPU.Build.0 = Release|Any CPU
		{3527FCD9-806E-420C-9876-E97B077B3EA4}.Debug|Any CPU.ActiveCfg = Debug|Any CPU
		{3527FCD9-806E-420C-9876-E97B077B3EA4}.Debug|Any CPU.Build.0 = Debug|Any CPU
		{3527FCD9-806E-420C-9876-E97B077B3EA4}.Release|Any CPU.ActiveCfg = Release|Any CPU
		{3527FCD9-806E-420C-9876-E97B077B3EA4}.Release|Any CPU.Build.0 = Release|Any CPU
		{B0C89990-6A91-42DE-8CD4-ADDEB748922B}.Debug|Any CPU.ActiveCfg = Debug|Any CPU
		{B0C89990-6A91-42DE-8CD4-ADDEB748922B}.Debug|Any CPU.Build.0 = Debug|Any CPU
		{B0C89990-6A91-42DE-8CD4-ADDEB748922B}.Release|Any CPU.ActiveCfg = Release|Any CPU
		{B0C89990-6A91-42DE-8CD4-ADDEB748922B}.Release|Any CPU.Build.0 = Release|Any CPU
		{860D3F01-68EF-4ED5-A337-AEFD182C59F9}.Debug|Any CPU.ActiveCfg = Debug|Any CPU
		{860D3F01-68EF-4ED5-A337-AEFD182C59F9}.Debug|Any CPU.Build.0 = Debug|Any CPU
		{860D3F01-68EF-4ED5-A337-AEFD182C59F9}.Release|Any CPU.ActiveCfg = Release|Any CPU
		{860D3F01-68EF-4ED5-A337-AEFD182C59F9}.Release|Any CPU.Build.0 = Release|Any CPU
		{067456C0-086C-46A8-B37F-1405717B7BFC}.Debug|Any CPU.ActiveCfg = Debug|Any CPU
		{067456C0-086C-46A8-B37F-1405717B7BFC}.Debug|Any CPU.Build.0 = Debug|Any CPU
		{067456C0-086C-46A8-B37F-1405717B7BFC}.Release|Any CPU.ActiveCfg = Release|Any CPU
		{067456C0-086C-46A8-B37F-1405717B7BFC}.Release|Any CPU.Build.0 = Release|Any CPU
		{FE75F602-CF88-480C-BAC8-7CD9D8473950}.Debug|Any CPU.ActiveCfg = Debug|Any CPU
		{FE75F602-CF88-480C-BAC8-7CD9D8473950}.Debug|Any CPU.Build.0 = Debug|Any CPU
		{FE75F602-CF88-480C-BAC8-7CD9D8473950}.Release|Any CPU.ActiveCfg = Release|Any CPU
		{FE75F602-CF88-480C-BAC8-7CD9D8473950}.Release|Any CPU.Build.0 = Release|Any CPU
		{5C912855-E1A1-4419-8FA9-6FDEC5D67393}.Debug|Any CPU.ActiveCfg = Debug|Any CPU
		{5C912855-E1A1-4419-8FA9-6FDEC5D67393}.Debug|Any CPU.Build.0 = Debug|Any CPU
		{5C912855-E1A1-4419-8FA9-6FDEC5D67393}.Release|Any CPU.ActiveCfg = Release|Any CPU
		{5C912855-E1A1-4419-8FA9-6FDEC5D67393}.Release|Any CPU.Build.0 = Release|Any CPU
		{F584017E-2215-44DC-829A-8D698C346E4A}.Debug|Any CPU.ActiveCfg = Debug|Any CPU
		{F584017E-2215-44DC-829A-8D698C346E4A}.Debug|Any CPU.Build.0 = Debug|Any CPU
		{F584017E-2215-44DC-829A-8D698C346E4A}.Release|Any CPU.ActiveCfg = Release|Any CPU
		{F584017E-2215-44DC-829A-8D698C346E4A}.Release|Any CPU.Build.0 = Release|Any CPU
	EndGlobalSection
	GlobalSection(SolutionProperties) = preSolution
		HideSolutionNode = FALSE
	EndGlobalSection
	GlobalSection(NestedProjects) = preSolution
		{B92EEF26-8A72-4F9C-BDB8-19AC534A08C7} = {A1B580FF-E935-4EA6-95DF-10BC214B351F}
		{86595F25-896A-48FE-879F-C70D7AB3BFBA} = {A1B580FF-E935-4EA6-95DF-10BC214B351F}
		{769FB0D9-55D6-412E-A072-D993C46AB014} = {F1E70FC6-A2C4-4745-8605-7F3552759C41}
		{A37D2B8D-2892-4270-9E35-DF8B84D65C8E} = {DB551605-07A9-483A-BCC1-9253078E367A}
		{010D9912-3682-4400-8698-C8D23E8BA23C} = {DB551605-07A9-483A-BCC1-9253078E367A}
		{5CFEBC1D-5E6F-49A2-A146-A11A6F5B2845} = {DB551605-07A9-483A-BCC1-9253078E367A}
		{0C653BE8-118C-44EC-B49D-3B10DE3F54E4} = {21B58503-7995-41D3-9E2F-96A6853A0B7B}
		{21DC42AD-40BD-4656-8B4B-E80515DBEA91} = {21B58503-7995-41D3-9E2F-96A6853A0B7B}
		{FD908444-1B93-4EEA-B95C-E67754A8B320} = {F1E70FC6-A2C4-4745-8605-7F3552759C41}
		{3527FCD9-806E-420C-9876-E97B077B3EA4} = {F1E70FC6-A2C4-4745-8605-7F3552759C41}
		{756D6784-6383-405C-B65D-C336A7ED5B32} = {DB551605-07A9-483A-BCC1-9253078E367A}
		{B0C89990-6A91-42DE-8CD4-ADDEB748922B} = {756D6784-6383-405C-B65D-C336A7ED5B32}
		{860D3F01-68EF-4ED5-A337-AEFD182C59F9} = {756D6784-6383-405C-B65D-C336A7ED5B32}
		{067456C0-086C-46A8-B37F-1405717B7BFC} = {0C653BE8-118C-44EC-B49D-3B10DE3F54E4}
		{FE75F602-CF88-480C-BAC8-7CD9D8473950} = {21DC42AD-40BD-4656-8B4B-E80515DBEA91}
		{5C912855-E1A1-4419-8FA9-6FDEC5D67393} = {21DC42AD-40BD-4656-8B4B-E80515DBEA91}
		{727D55F1-F331-45F1-ABDC-EBA746248295} = {21B58503-7995-41D3-9E2F-96A6853A0B7B}
		{F584017E-2215-44DC-829A-8D698C346E4A} = {727D55F1-F331-45F1-ABDC-EBA746248295}
	EndGlobalSection
EndGlobal
