
Microsoft Visual Studio Solution File, Format Version 12.00
# Visual Studio 14
VisualStudioVersion = 14.0.25420.1
MinimumVisualStudioVersion = 10.0.40219.1
Project("{FAE04EC0-301F-11D3-BF4B-00C04F79EFBC}") = "SotnWiki.Models", "SotnWiki.Models\SotnWiki.Models.csproj", "{5CFEBC1D-5E6F-49A2-A146-A11A6F5B2845}"
EndProject
Project("{FAE04EC0-301F-11D3-BF4B-00C04F79EFBC}") = "SotnWiki.Data", "SotnWiki.Data\SotnWiki.Data.csproj", "{A37D2B8D-2892-4270-9E35-DF8B84D65C8E}"
EndProject
Project("{FAE04EC0-301F-11D3-BF4B-00C04F79EFBC}") = "SotnWiki.Data.Common", "SotnWiki.Data.Common\SotnWiki.Data.Common.csproj", "{010D9912-3682-4400-8698-C8D23E8BA23C}"
EndProject
Project("{2150E333-8FDC-42A3-9474-1A3956D46DE8}") = "UnitTests", "UnitTests", "{21B58503-7995-41D3-9E2F-96A6853A0B7B}"
EndProject
Project("{FAE04EC0-301F-11D3-BF4B-00C04F79EFBC}") = "SotnWiki.WebFormsClient", "SotnWiki.WebFormsClient\SotnWiki.WebFormsClient.csproj", "{B92EEF26-8A72-4F9C-BDB8-19AC534A08C7}"
EndProject
Project("{FAE04EC0-301F-11D3-BF4B-00C04F79EFBC}") = "SotnWiki.Mvp", "SotnWiki.Mvp\SotnWiki.Mvp.csproj", "{86595F25-896A-48FE-879F-C70D7AB3BFBA}"
EndProject
Project("{2150E333-8FDC-42A3-9474-1A3956D46DE8}") = "Services", "Services", "{F1E70FC6-A2C4-4745-8605-7F3552759C41}"
EndProject
Project("{FAE04EC0-301F-11D3-BF4B-00C04F79EFBC}") = "SotnWiki.Auth", "Services\SotnWiki.Auth\SotnWiki.Auth.csproj", "{769FB0D9-55D6-412E-A072-D993C46AB014}"
EndProject
Global
	GlobalSection(SolutionConfigurationPlatforms) = preSolution
		Debug|Any CPU = Debug|Any CPU
		Release|Any CPU = Release|Any CPU
	EndGlobalSection
	GlobalSection(ProjectConfigurationPlatforms) = postSolution
		{5CFEBC1D-5E6F-49A2-A146-A11A6F5B2845}.Debug|Any CPU.ActiveCfg = Debug|Any CPU
		{5CFEBC1D-5E6F-49A2-A146-A11A6F5B2845}.Debug|Any CPU.Build.0 = Debug|Any CPU
		{5CFEBC1D-5E6F-49A2-A146-A11A6F5B2845}.Release|Any CPU.ActiveCfg = Release|Any CPU
		{5CFEBC1D-5E6F-49A2-A146-A11A6F5B2845}.Release|Any CPU.Build.0 = Release|Any CPU
		{A37D2B8D-2892-4270-9E35-DF8B84D65C8E}.Debug|Any CPU.ActiveCfg = Debug|Any CPU
		{A37D2B8D-2892-4270-9E35-DF8B84D65C8E}.Debug|Any CPU.Build.0 = Debug|Any CPU
		{A37D2B8D-2892-4270-9E35-DF8B84D65C8E}.Release|Any CPU.ActiveCfg = Release|Any CPU
		{A37D2B8D-2892-4270-9E35-DF8B84D65C8E}.Release|Any CPU.Build.0 = Release|Any CPU
		{010D9912-3682-4400-8698-C8D23E8BA23C}.Debug|Any CPU.ActiveCfg = Debug|Any CPU
		{010D9912-3682-4400-8698-C8D23E8BA23C}.Debug|Any CPU.Build.0 = Debug|Any CPU
		{010D9912-3682-4400-8698-C8D23E8BA23C}.Release|Any CPU.ActiveCfg = Release|Any CPU
		{010D9912-3682-4400-8698-C8D23E8BA23C}.Release|Any CPU.Build.0 = Release|Any CPU
		{B92EEF26-8A72-4F9C-BDB8-19AC534A08C7}.Debug|Any CPU.ActiveCfg = Debug|Any CPU
		{B92EEF26-8A72-4F9C-BDB8-19AC534A08C7}.Debug|Any CPU.Build.0 = Debug|Any CPU
		{B92EEF26-8A72-4F9C-BDB8-19AC534A08C7}.Release|Any CPU.ActiveCfg = Release|Any CPU
		{B92EEF26-8A72-4F9C-BDB8-19AC534A08C7}.Release|Any CPU.Build.0 = Release|Any CPU
		{86595F25-896A-48FE-879F-C70D7AB3BFBA}.Debug|Any CPU.ActiveCfg = Debug|Any CPU
		{86595F25-896A-48FE-879F-C70D7AB3BFBA}.Debug|Any CPU.Build.0 = Debug|Any CPU
		{86595F25-896A-48FE-879F-C70D7AB3BFBA}.Release|Any CPU.ActiveCfg = Release|Any CPU
		{86595F25-896A-48FE-879F-C70D7AB3BFBA}.Release|Any CPU.Build.0 = Release|Any CPU
		{769FB0D9-55D6-412E-A072-D993C46AB014}.Debug|Any CPU.ActiveCfg = Debug|Any CPU
		{769FB0D9-55D6-412E-A072-D993C46AB014}.Debug|Any CPU.Build.0 = Debug|Any CPU
		{769FB0D9-55D6-412E-A072-D993C46AB014}.Release|Any CPU.ActiveCfg = Release|Any CPU
		{769FB0D9-55D6-412E-A072-D993C46AB014}.Release|Any CPU.Build.0 = Release|Any CPU
	EndGlobalSection
	GlobalSection(SolutionProperties) = preSolution
		HideSolutionNode = FALSE
	EndGlobalSection
	GlobalSection(NestedProjects) = preSolution
		{769FB0D9-55D6-412E-A072-D993C46AB014} = {F1E70FC6-A2C4-4745-8605-7F3552759C41}
	EndGlobalSection
EndGlobal
